
Microsoft Visual Studio Solution File, Format Version 12.00
# Visual Studio Version 16
VisualStudioVersion = 16.0.30011.22
MinimumVisualStudioVersion = 10.0.40219.1
Project("{FAE04EC0-301F-11D3-BF4B-00C04F79EFBC}") = "task1", "task1\task1.csproj", "{35E9EC39-DA2E-4C62-86D1-6752DE91EC11}"
EndProject
Project("{FAE04EC0-301F-11D3-BF4B-00C04F79EFBC}") = "task2", "task2\task2.csproj", "{D06D998D-173A-4D7A-AA53-C15128E2DABD}"
EndProject
Global
	GlobalSection(SolutionConfigurationPlatforms) = preSolution
		Debug|Any CPU = Debug|Any CPU
		Release|Any CPU = Release|Any CPU
	EndGlobalSection
	GlobalSection(ProjectConfigurationPlatforms) = postSolution
		{35E9EC39-DA2E-4C62-86D1-6752DE91EC11}.Debug|Any CPU.ActiveCfg = Debug|Any CPU
		{35E9EC39-DA2E-4C62-86D1-6752DE91EC11}.Debug|Any CPU.Build.0 = Debug|Any CPU
		{35E9EC39-DA2E-4C62-86D1-6752DE91EC11}.Release|Any CPU.ActiveCfg = Release|Any CPU
		{35E9EC39-DA2E-4C62-86D1-6752DE91EC11}.Release|Any CPU.Build.0 = Release|Any CPU
		{D06D998D-173A-4D7A-AA53-C15128E2DABD}.Debug|Any CPU.ActiveCfg = Debug|Any CPU
		{D06D998D-173A-4D7A-AA53-C15128E2DABD}.Debug|Any CPU.Build.0 = Debug|Any CPU
		{D06D998D-173A-4D7A-AA53-C15128E2DABD}.Release|Any CPU.ActiveCfg = Release|Any CPU
		{D06D998D-173A-4D7A-AA53-C15128E2DABD}.Release|Any CPU.Build.0 = Release|Any CPU
	EndGlobalSection
	GlobalSection(SolutionProperties) = preSolution
		HideSolutionNode = FALSE
	EndGlobalSection
	GlobalSection(ExtensibilityGlobals) = postSolution
		SolutionGuid = {6350FD5A-5673-4ACF-8DB4-ECD08EA4B339}
	EndGlobalSection
EndGlobal
